# This file is automatically @generated by Poetry 2.1.1 and should not be changed by hand.

[[package]]
name = "pep8"
version = "1.7.1"
description = "Python style guide checker"
optional = false
python-versions = "*"
groups = ["main"]
files = [
    {file = "pep8-1.7.1-py2.py3-none-any.whl", hash = "sha256:b22cfae5db09833bb9bd7c8463b53e1a9c9b39f12e304a8d0bba729c501827ee"},
    {file = "pep8-1.7.1.tar.gz", hash = "sha256:fe249b52e20498e59e0b5c5256aa52ee99fc295b26ec9eaa85776ffdb9fe6374"},
]

[metadata]
lock-version = "2.1"
python-versions = ">=3.13"
content-hash = "f62f5941adba257322c2a51fc495331b4e65be464d9e5533d802339243c9f836"
